// !$*UTF8*$!
{
	archiveVersion = 1;
	classes = {
	};
	objectVersion = 60;
	objects = {

/* Begin PBXBuildFile section */
		010000000000000000000001 /* ThaiTrainerApp.swift in Sources */ = {isa = PBXBuildFile; fileRef = 020000000000000000000001 /* ThaiTrainerApp.swift */; };
		010000000000000000000002 /* ContentView.swift in Sources */ = {isa = PBXBuildFile; fileRef = 020000000000000000000002 /* ContentView.swift */; };
		010000000000000000000003 /* Models.swift in Sources */ = {isa = PBXBuildFile; fileRef = 020000000000000000000003 /* Models.swift */; };
		010000000000000000000004 /* LessonRepository.swift in Sources */ = {isa = PBXBuildFile; fileRef = 020000000000000000000004 /* LessonRepository.swift */; };
		010000000000000000000005 /* AudioPlayerModel.swift in Sources */ = {isa = PBXBuildFile; fileRef = 020000000000000000000005 /* AudioPlayerModel.swift */; };
		010000000000000000000006 /* days in Resources */ = {isa = PBXBuildFile; fileRef = 020000000000000000000009 /* days */; };
		010000000000000000000007 /* generated in Resources */ = {isa = PBXBuildFile; fileRef = 02000000000000000000000A /* generated */; };
		010000000000000000000008 /* ThaiTrainerTests.swift in Sources */ = {isa = PBXBuildFile; fileRef = 020000000000000000000007 /* ThaiTrainerTests.swift */; };
		010000000000000000000009 /* days in Resources */ = {isa = PBXBuildFile; fileRef = 020000000000000000000009 /* days */; };
		01000000000000000000000A /* generated in Resources */ = {isa = PBXBuildFile; fileRef = 02000000000000000000000A /* generated */; };
		01000000000000000000000B /* RemoteContentRepository.swift in Sources */ = {isa = PBXBuildFile; fileRef = 02000000000000000000000C /* RemoteContentRepository.swift */; };
		01000000000000000000000C /* PracticeSessionPlayer.swift in Sources */ = {isa = PBXBuildFile; fileRef = 02000000000000000000000D /* PracticeSessionPlayer.swift */; };
		01000000000000000000000D /* practice in Resources */ = {isa = PBXBuildFile; fileRef = 02000000000000000000000E /* practice */; };
		01000000000000000000000E /* practice in Resources */ = {isa = PBXBuildFile; fileRef = 02000000000000000000000E /* practice */; };
		01000000000000000000000F /* Assets.xcassets in Resources */ = {isa = PBXBuildFile; fileRef = 02000000000000000000000F /* Assets.xcassets */; };
		010000000000000000000010 /* NowPlayingCoordinator.swift in Sources */ = {isa = PBXBuildFile; fileRef = 020000000000000000000010 /* NowPlayingCoordinator.swift */; };
		010000000000000000000011 /* LearningProgress.swift in Sources */ = {isa = PBXBuildFile; fileRef = 020000000000000000000011 /* LearningProgress.swift */; };
		010000000000000000000012 /* LearningProgressStore.swift in Sources */ = {isa = PBXBuildFile; fileRef = 020000000000000000000012 /* LearningProgressStore.swift */; };
		010000000000000000000013 /* ReviewScheduler.swift in Sources */ = {isa = PBXBuildFile; fileRef = 020000000000000000000013 /* ReviewScheduler.swift */; };
		010000000000000000000014 /* VocabularyCatalog.swift in Sources */ = {isa = PBXBuildFile; fileRef = 020000000000000000000014 /* VocabularyCatalog.swift */; };
/* End PBXBuildFile section */

/* Begin PBXContainerItemProxy section */
		0A0000000000000000000001 /* PBXContainerItemProxy */ = {
			isa = PBXContainerItemProxy;
			containerPortal = 080000000000000000000001 /* Project object */;
			proxyType = 1;
			remoteGlobalIDString = 070000000000000000000001;
			remoteInfo = ThaiTrainer;
		};
/* End PBXContainerItemProxy section */

/* Begin PBXFileReference section */
		020000000000000000000001 /* ThaiTrainerApp.swift */ = {isa = PBXFileReference; lastKnownFileType = sourcecode.swift; path = ThaiTrainerApp.swift; sourceTree = "<group>"; };
		020000000000000000000002 /* ContentView.swift */ = {isa = PBXFileReference; lastKnownFileType = sourcecode.swift; path = ContentView.swift; sourceTree = "<group>"; };
		020000000000000000000003 /* Models.swift */ = {isa = PBXFileReference; lastKnownFileType = sourcecode.swift; path = Models.swift; sourceTree = "<group>"; };
		020000000000000000000004 /* LessonRepository.swift */ = {isa = PBXFileReference; lastKnownFileType = sourcecode.swift; path = LessonRepository.swift; sourceTree = "<group>"; };
		020000000000000000000005 /* AudioPlayerModel.swift */ = {isa = PBXFileReference; lastKnownFileType = sourcecode.swift; path = AudioPlayerModel.swift; sourceTree = "<group>"; };
		020000000000000000000006 /* Info.plist */ = {isa = PBXFileReference; lastKnownFileType = text.plist.xml; path = Info.plist; sourceTree = "<group>"; };
		020000000000000000000007 /* ThaiTrainerTests.swift */ = {isa = PBXFileReference; lastKnownFileType = sourcecode.swift; path = ThaiTrainerTests.swift; sourceTree = "<group>"; };
		020000000000000000000008 /* ThaiTrainer.app */ = {isa = PBXFileReference; explicitFileType = wrapper.application; includeInIndex = 0; path = ThaiTrainer.app; sourceTree = BUILT_PRODUCTS_DIR; };
		020000000000000000000009 /* days */ = {isa = PBXFileReference; lastKnownFileType = folder; name = days; path = ../days; sourceTree = "<group>"; };
		02000000000000000000000A /* generated */ = {isa = PBXFileReference; lastKnownFileType = folder; name = generated; path = ../audio/generated; sourceTree = "<group>"; };
		02000000000000000000000B /* ThaiTrainerTests.xctest */ = {isa = PBXFileReference; explicitFileType = wrapper.cfbundle; includeInIndex = 0; path = ThaiTrainerTests.xctest; sourceTree = BUILT_PRODUCTS_DIR; };
		02000000000000000000000C /* RemoteContentRepository.swift */ = {isa = PBXFileReference; lastKnownFileType = sourcecode.swift; path = RemoteContentRepository.swift; sourceTree = "<group>"; };
		02000000000000000000000D /* PracticeSessionPlayer.swift */ = {isa = PBXFileReference; lastKnownFileType = sourcecode.swift; path = PracticeSessionPlayer.swift; sourceTree = "<group>"; };
		02000000000000000000000E /* practice */ = {isa = PBXFileReference; lastKnownFileType = folder; name = practice; path = ../audio/practice; sourceTree = "<group>"; };
		02000000000000000000000F /* Assets.xcassets */ = {isa = PBXFileReference; lastKnownFileType = folder.assetcatalog; path = Assets.xcassets; sourceTree = "<group>"; };
		020000000000000000000010 /* NowPlayingCoordinator.swift */ = {isa = PBXFileReference; lastKnownFileType = sourcecode.swift; path = NowPlayingCoordinator.swift; sourceTree = "<group>"; };
		020000000000000000000011 /* LearningProgress.swift */ = {isa = PBXFileReference; lastKnownFileType = sourcecode.swift; path = LearningProgress.swift; sourceTree = "<group>"; };
		020000000000000000000012 /* LearningProgressStore.swift */ = {isa = PBXFileReference; lastKnownFileType = sourcecode.swift; path = LearningProgressStore.swift; sourceTree = "<group>"; };
		020000000000000000000013 /* ReviewScheduler.swift */ = {isa = PBXFileReference; lastKnownFileType = sourcecode.swift; path = ReviewScheduler.swift; sourceTree = "<group>"; };
		020000000000000000000014 /* VocabularyCatalog.swift */ = {isa = PBXFileReference; lastKnownFileType = sourcecode.swift; path = VocabularyCatalog.swift; sourceTree = "<group>"; };
/* End PBXFileReference section */

/* Begin PBXFrameworksBuildPhase section */
		040000000000000000000001 /* Frameworks */ = {
			isa = PBXFrameworksBuildPhase;
			buildActionMask = 2147483647;
			files = (
			);
			runOnlyForDeploymentPostprocessing = 0;
		};
		040000000000000000000004 /* Frameworks */ = {
			isa = PBXFrameworksBuildPhase;
			buildActionMask = 2147483647;
			files = (
			);
			runOnlyForDeploymentPostprocessing = 0;
		};
/* End PBXFrameworksBuildPhase section */

/* Begin PBXGroup section */
		030000000000000000000001 = {
			isa = PBXGroup;
			children = (
				030000000000000000000002 /* ThaiTrainer */,
				030000000000000000000003 /* ThaiTrainerTests */,
				030000000000000000000004 /* Resources */,
				030000000000000000000005 /* Products */,
			);
			sourceTree = "<group>";
		};
		030000000000000000000002 /* ThaiTrainer */ = {
			isa = PBXGroup;
			children = (
				020000000000000000000001 /* ThaiTrainerApp.swift */,
				020000000000000000000002 /* ContentView.swift */,
				020000000000000000000003 /* Models.swift */,
				020000000000000000000004 /* LessonRepository.swift */,
				020000000000000000000005 /* AudioPlayerModel.swift */,
				020000000000000000000010 /* NowPlayingCoordinator.swift */,
				020000000000000000000011 /* LearningProgress.swift */,
				020000000000000000000012 /* LearningProgressStore.swift */,
				020000000000000000000013 /* ReviewScheduler.swift */,
				020000000000000000000014 /* VocabularyCatalog.swift */,
				02000000000000000000000D /* PracticeSessionPlayer.swift */,
				02000000000000000000000C /* RemoteContentRepository.swift */,
				020000000000000000000006 /* Info.plist */,
				02000000000000000000000F /* Assets.xcassets */,
			);
			path = ThaiTrainer;
			sourceTree = "<group>";
		};
		030000000000000000000003 /* ThaiTrainerTests */ = {
			isa = PBXGroup;
			children = (
				020000000000000000000007 /* ThaiTrainerTests.swift */,
			);
			path = ThaiTrainerTests;
			sourceTree = "<group>";
		};
		030000000000000000000004 /* Resources */ = {
			isa = PBXGroup;
			children = (
				020000000000000000000009 /* days */,
				02000000000000000000000A /* generated */,
				02000000000000000000000E /* practice */,
			);
			name = Resources;
			sourceTree = "<group>";
		};
		030000000000000000000005 /* Products */ = {
			isa = PBXGroup;
			children = (
				020000000000000000000008 /* ThaiTrainer.app */,
				02000000000000000000000B /* ThaiTrainerTests.xctest */,
			);
			name = Products;
			sourceTree = "<group>";
		};
/* End PBXGroup section */

/* Begin PBXNativeTarget section */
		070000000000000000000001 /* ThaiTrainer */ = {
			isa = PBXNativeTarget;
			buildConfigurationList = 0D0000000000000000000002 /* Build configuration list for PBXNativeTarget "ThaiTrainer" */;
			buildPhases = (
				040000000000000000000002 /* Sources */,
				040000000000000000000001 /* Frameworks */,
				040000000000000000000003 /* Resources */,
			);
			buildRules = (
			);
			dependencies = (
			);
			name = ThaiTrainer;
			productName = ThaiTrainer;
			productReference = 020000000000000000000008 /* ThaiTrainer.app */;
			productType = "com.apple.product-type.application";
		};
		070000000000000000000002 /* ThaiTrainerTests */ = {
			isa = PBXNativeTarget;
			buildConfigurationList = 0D0000000000000000000003 /* Build configuration list for PBXNativeTarget "ThaiTrainerTests" */;
			buildPhases = (
				040000000000000000000005 /* Sources */,
				040000000000000000000004 /* Frameworks */,
				040000000000000000000006 /* Resources */,
			);
			buildRules = (
			);
			dependencies = (
				0B0000000000000000000001 /* PBXTargetDependency */,
			);
			name = ThaiTrainerTests;
			productName = ThaiTrainerTests;
			productReference = 02000000000000000000000B /* ThaiTrainerTests.xctest */;
			productType = "com.apple.product-type.bundle.unit-test";
		};
/* End PBXNativeTarget section */

/* Begin PBXProject section */
		080000000000000000000001 /* Project object */ = {
			isa = PBXProject;
			attributes = {
				BuildIndependentTargetsInParallel = 1;
				LastSwiftUpdateCheck = 1500;
				LastUpgradeCheck = 1500;
				TargetAttributes = {
					070000000000000000000001 = {
						CreatedOnToolsVersion = 15.0;
						ProvisioningStyle = Automatic;
					};
					070000000000000000000002 = {
						CreatedOnToolsVersion = 15.0;
						ProvisioningStyle = Automatic;
						TestTargetID = 070000000000000000000001;
					};
				};
			};
			buildConfigurationList = 0D0000000000000000000001 /* Build configuration list for PBXProject "ThaiTrainer" */;
			compatibilityVersion = "Xcode 15.0";
			developmentRegion = en;
			hasScannedForEncodings = 0;
			knownRegions = (
				en,
				Base,
			);
			mainGroup = 030000000000000000000001;
			productRefGroup = 030000000000000000000005 /* Products */;
			projectDirPath = "";
			projectRoot = "";
			targets = (
				070000000000000000000001 /* ThaiTrainer */,
				070000000000000000000002 /* ThaiTrainerTests */,
			);
		};
/* End PBXProject section */

/* Begin PBXResourcesBuildPhase section */
		040000000000000000000003 /* Resources */ = {
			isa = PBXResourcesBuildPhase;
			buildActionMask = 2147483647;
			files = (
				010000000000000000000006 /* days in Resources */,
				010000000000000000000007 /* generated in Resources */,
				01000000000000000000000D /* practice in Resources */,
				01000000000000000000000F /* Assets.xcassets in Resources */,
			);
			runOnlyForDeploymentPostprocessing = 0;
		};
		040000000000000000000006 /* Resources */ = {
			isa = PBXResourcesBuildPhase;
			buildActionMask = 2147483647;
			files = (
				010000000000000000000009 /* days in Resources */,
				01000000000000000000000A /* generated in Resources */,
				01000000000000000000000E /* practice in Resources */,
			);
			runOnlyForDeploymentPostprocessing = 0;
		};
/* End PBXResourcesBuildPhase section */

/* Begin PBXSourcesBuildPhase section */
		040000000000000000000002 /* Sources */ = {
			isa = PBXSourcesBuildPhase;
			buildActionMask = 2147483647;
			files = (
				010000000000000000000001 /* ThaiTrainerApp.swift in Sources */,
				010000000000000000000002 /* ContentView.swift in Sources */,
				010000000000000000000003 /* Models.swift in Sources */,
				010000000000000000000004 /* LessonRepository.swift in Sources */,
				010000000000000000000005 /* AudioPlayerModel.swift in Sources */,
				010000000000000000000010 /* NowPlayingCoordinator.swift in Sources */,
				010000000000000000000011 /* LearningProgress.swift in Sources */,
				010000000000000000000012 /* LearningProgressStore.swift in Sources */,
				010000000000000000000013 /* ReviewScheduler.swift in Sources */,
				010000000000000000000014 /* VocabularyCatalog.swift in Sources */,
				01000000000000000000000C /* PracticeSessionPlayer.swift in Sources */,
				01000000000000000000000B /* RemoteContentRepository.swift in Sources */,
			);
			runOnlyForDeploymentPostprocessing = 0;
		};
		040000000000000000000005 /* Sources */ = {
			isa = PBXSourcesBuildPhase;
			buildActionMask = 2147483647;
			files = (
				010000000000000000000008 /* ThaiTrainerTests.swift in Sources */,
			);
			runOnlyForDeploymentPostprocessing = 0;
		};
/* End PBXSourcesBuildPhase section */

/* Begin PBXTargetDependency section */
		0B0000000000000000000001 /* PBXTargetDependency */ = {
			isa = PBXTargetDependency;
			target = 070000000000000000000001 /* ThaiTrainer */;
			targetProxy = 0A0000000000000000000001 /* PBXContainerItemProxy */;
		};
/* End PBXTargetDependency section */

/* Begin XCBuildConfiguration section */
		0C0000000000000000000001 /* Debug */ = {
			isa = XCBuildConfiguration;
			buildSettings = {
				ALWAYS_SEARCH_USER_PATHS = NO;
				CLANG_ANALYZER_NONNULL = YES;
				CLANG_ANALYZER_NUMBER_OBJECT_CONVERSION = YES_AGGRESSIVE;
				CLANG_CXX_LANGUAGE_STANDARD = "gnu++20";
				CLANG_ENABLE_MODULES = YES;
				CLANG_ENABLE_OBJC_ARC = YES;
				CLANG_ENABLE_OBJC_WEAK = YES;
				CLANG_WARN_BLOCK_CAPTURE_AUTORELEASING = YES;
				CLANG_WARN_BOOL_CONVERSION = YES;
				CLANG_WARN_COMMA = YES;
				CLANG_WARN_CONSTANT_CONVERSION = YES;
				CLANG_WARN_DEPRECATED_OBJC_IMPLEMENTATIONS = YES;
				CLANG_WARN_DIRECT_OBJC_ISA_USAGE = YES_ERROR;
				CLANG_WARN_DOCUMENTATION_COMMENTS = YES;
				CLANG_WARN_EMPTY_BODY = YES;
				CLANG_WARN_ENUM_CONVERSION = YES;
				CLANG_WARN_INFINITE_RECURSION = YES;
				CLANG_WARN_INT_CONVERSION = YES;
				CLANG_WARN_NON_LITERAL_NULL_CONVERSION = YES;
				CLANG_WARN_OBJC_IMPLICIT_RETAIN_SELF = YES;
				CLANG_WARN_OBJC_LITERAL_CONVERSION = YES;
				CLANG_WARN_OBJC_ROOT_CLASS = YES_ERROR;
				CLANG_WARN_QUOTED_INCLUDE_IN_FRAMEWORK_HEADER = YES;
				CLANG_WARN_RANGE_LOOP_ANALYSIS = YES;
				CLANG_WARN_STRICT_PROTOTYPES = YES;
				CLANG_WARN_SUSPICIOUS_MOVE = YES;
				CLANG_WARN_UNGUARDED_AVAILABILITY = YES_AGGRESSIVE;
				CLANG_WARN_UNREACHABLE_CODE = YES;
				CLANG_WARN__DUPLICATE_METHOD_MATCH = YES;
				COPY_PHASE_STRIP = NO;
				DEBUG_INFORMATION_FORMAT = dwarf;
				ENABLE_STRICT_OBJC_MSGSEND = YES;
				ENABLE_TESTABILITY = YES;
				ENABLE_USER_SCRIPT_SANDBOXING = YES;
				GCC_C_LANGUAGE_STANDARD = gnu17;
				GCC_DYNAMIC_NO_PIC = NO;
				GCC_NO_COMMON_BLOCKS = YES;
				GCC_OPTIMIZATION_LEVEL = 0;
				GCC_PREPROCESSOR_DEFINITIONS = (
					"DEBUG=1",
					"$(inherited)",
				);
				GCC_WARN_64_TO_32_BIT_CONVERSION = YES;
				GCC_WARN_ABOUT_RETURN_TYPE = YES_ERROR;
				GCC_WARN_UNDECLARED_SELECTOR = YES;
				GCC_WARN_UNINITIALIZED_AUTOS = YES_AGGRESSIVE;
				GCC_WARN_UNUSED_FUNCTION = YES;
				GCC_WARN_UNUSED_VARIABLE = YES;
				IPHONEOS_DEPLOYMENT_TARGET = 17.0;
				LOCALIZATION_PREFERS_STRING_CATALOGS = YES;
				MTL_ENABLE_DEBUG_INFO = INCLUDE_SOURCE;
				MTL_FAST_MATH = YES;
				ONLY_ACTIVE_ARCH = YES;
				SDKROOT = iphoneos;
				SWIFT_ACTIVE_COMPILATION_CONDITIONS = "DEBUG $(inherited)";
				SWIFT_OPTIMIZATION_LEVEL = "-Onone";
			};
			name = Debug;
		};
		0C0000000000000000000002 /* Release */ = {
			isa = XCBuildConfiguration;
			buildSettings = {
				ALWAYS_SEARCH_USER_PATHS = NO;
				CLANG_ANALYZER_NONNULL = YES;
				CLANG_ANALYZER_NUMBER_OBJECT_CONVERSION = YES_AGGRESSIVE;
				CLANG_CXX_LANGUAGE_STANDARD = "gnu++20";
				CLANG_ENABLE_MODULES = YES;
				CLANG_ENABLE_OBJC_ARC = YES;
				CLANG_ENABLE_OBJC_WEAK = YES;
				CLANG_WARN_BLOCK_CAPTURE_AUTORELEASING = YES;
				CLANG_WARN_BOOL_CONVERSION = YES;
				CLANG_WARN_COMMA = YES;
				CLANG_WARN_CONSTANT_CONVERSION = YES;
				CLANG_WARN_DEPRECATED_OBJC_IMPLEMENTATIONS = YES;
				CLANG_WARN_DIRECT_OBJC_ISA_USAGE = YES_ERROR;
				CLANG_WARN_DOCUMENTATION_COMMENTS = YES;
				CLANG_WARN_EMPTY_BODY = YES;
				CLANG_WARN_ENUM_CONVERSION = YES;
				CLANG_WARN_INFINITE_RECURSION = YES;
				CLANG_WARN_INT_CONVERSION = YES;
				CLANG_WARN_NON_LITERAL_NULL_CONVERSION = YES;
				CLANG_WARN_OBJC_IMPLICIT_RETAIN_SELF = YES;
				CLANG_WARN_OBJC_LITERAL_CONVERSION = YES;
				CLANG_WARN_OBJC_ROOT_CLASS = YES_ERROR;
				CLANG_WARN_QUOTED_INCLUDE_IN_FRAMEWORK_HEADER = YES;
				CLANG_WARN_RANGE_LOOP_ANALYSIS = YES;
				CLANG_WARN_STRICT_PROTOTYPES = YES;
				CLANG_WARN_SUSPICIOUS_MOVE = YES;
				CLANG_WARN_UNGUARDED_AVAILABILITY = YES_AGGRESSIVE;
				CLANG_WARN_UNREACHABLE_CODE = YES;
				CLANG_WARN__DUPLICATE_METHOD_MATCH = YES;
				COPY_PHASE_STRIP = NO;
				DEBUG_INFORMATION_FORMAT = "dwarf-with-dsym";
				ENABLE_NS_ASSERTIONS = NO;
				ENABLE_STRICT_OBJC_MSGSEND = YES;
				ENABLE_USER_SCRIPT_SANDBOXING = YES;
				GCC_C_LANGUAGE_STANDARD = gnu17;
				GCC_NO_COMMON_BLOCKS = YES;
				GCC_WARN_64_TO_32_BIT_CONVERSION = YES;
				GCC_WARN_ABOUT_RETURN_TYPE = YES_ERROR;
				GCC_WARN_UNDECLARED_SELECTOR = YES;
				GCC_WARN_UNINITIALIZED_AUTOS = YES_AGGRESSIVE;
				GCC_WARN_UNUSED_FUNCTION = YES;
				GCC_WARN_UNUSED_VARIABLE = YES;
				IPHONEOS_DEPLOYMENT_TARGET = 17.0;
				LOCALIZATION_PREFERS_STRING_CATALOGS = YES;
				MTL_ENABLE_DEBUG_INFO = NO;
				MTL_FAST_MATH = YES;
				SDKROOT = iphoneos;
				SWIFT_COMPILATION_MODE = wholemodule;
				VALIDATE_PRODUCT = YES;
			};
			name = Release;
		};
		0C0000000000000000000003 /* Debug */ = {
			isa = XCBuildConfiguration;
			buildSettings = {
				ASSETCATALOG_COMPILER_APPICON_NAME = AppIcon;
				CODE_SIGN_STYLE = Automatic;
				CURRENT_PROJECT_VERSION = 8;
				DEVELOPMENT_TEAM = A8KGSP277P;
				GENERATE_INFOPLIST_FILE = NO;
				INFOPLIST_FILE = ThaiTrainer/Info.plist;
				IPHONEOS_DEPLOYMENT_TARGET = 17.0;
				LD_RUNPATH_SEARCH_PATHS = (
					"$(inherited)",
					"@executable_path/Frameworks",
				);
				MARKETING_VERSION = 1.0;
				PRODUCT_BUNDLE_IDENTIFIER = com.yaron.ThaiTrainer;
				PRODUCT_NAME = "$(TARGET_NAME)";
				SUPPORTED_PLATFORMS = "iphoneos iphonesimulator";
				SUPPORTS_MACCATALYST = NO;
				SWIFT_EMIT_LOC_STRINGS = YES;
				SWIFT_VERSION = 5.0;
				TARGETED_DEVICE_FAMILY = 1;
			};
			name = Debug;
		};
		0C0000000000000000000004 /* Release */ = {
			isa = XCBuildConfiguration;
			buildSettings = {
				ASSETCATALOG_COMPILER_APPICON_NAME = AppIcon;
				CODE_SIGN_STYLE = Automatic;
				CURRENT_PROJECT_VERSION = 8;
				DEVELOPMENT_TEAM = A8KGSP277P;
				GENERATE_INFOPLIST_FILE = NO;
				INFOPLIST_FILE = ThaiTrainer/Info.plist;
				IPHONEOS_DEPLOYMENT_TARGET = 17.0;
				LD_RUNPATH_SEARCH_PATHS = (
					"$(inherited)",
					"@executable_path/Frameworks",
				);
				MARKETING_VERSION = 1.0;
				PRODUCT_BUNDLE_IDENTIFIER = com.yaron.ThaiTrainer;
				PRODUCT_NAME = "$(TARGET_NAME)";
				SUPPORTED_PLATFORMS = "iphoneos iphonesimulator";
				SUPPORTS_MACCATALYST = NO;
				SWIFT_EMIT_LOC_STRINGS = YES;
				SWIFT_VERSION = 5.0;
				TARGETED_DEVICE_FAMILY = 1;
			};
			name = Release;
		};
		0C0000000000000000000005 /* Debug */ = {
			isa = XCBuildConfiguration;
			buildSettings = {
				BUNDLE_LOADER = "$(TEST_HOST)";
				CODE_SIGN_STYLE = Automatic;
				CURRENT_PROJECT_VERSION = 1;
				DEVELOPMENT_TEAM = "";
				GENERATE_INFOPLIST_FILE = YES;
				IPHONEOS_DEPLOYMENT_TARGET = 17.0;
				LD_RUNPATH_SEARCH_PATHS = (
					"$(inherited)",
					"@executable_path/Frameworks",
					"@loader_path/Frameworks",
				);
				MARKETING_VERSION = 1.0;
				PRODUCT_BUNDLE_IDENTIFIER = com.yaron.ThaiTrainerTests;
				PRODUCT_NAME = "$(TARGET_NAME)";
				SUPPORTED_PLATFORMS = "iphoneos iphonesimulator";
				SUPPORTS_MACCATALYST = NO;
				SWIFT_EMIT_LOC_STRINGS = NO;
				SWIFT_VERSION = 5.0;
				TARGETED_DEVICE_FAMILY = 1;
				TEST_HOST = "$(BUILT_PRODUCTS_DIR)/ThaiTrainer.app/$(BUNDLE_EXECUTABLE_FOLDER_PATH)/ThaiTrainer";
				TEST_TARGET_NAME = ThaiTrainer;
			};
			name = Debug;
		};
		0C0000000000000000000006 /* Release */ = {
			isa = XCBuildConfiguration;
			buildSettings = {
				BUNDLE_LOADER = "$(TEST_HOST)";
				CODE_SIGN_STYLE = Automatic;
				CURRENT_PROJECT_VERSION = 1;
				DEVELOPMENT_TEAM = "";
				GENERATE_INFOPLIST_FILE = YES;
				IPHONEOS_DEPLOYMENT_TARGET = 17.0;
				LD_RUNPATH_SEARCH_PATHS = (
					"$(inherited)",
					"@executable_path/Frameworks",
					"@loader_path/Frameworks",
				);
				MARKETING_VERSION = 1.0;
				PRODUCT_BUNDLE_IDENTIFIER = com.yaron.ThaiTrainerTests;
				PRODUCT_NAME = "$(TARGET_NAME)";
				SUPPORTED_PLATFORMS = "iphoneos iphonesimulator";
				SUPPORTS_MACCATALYST = NO;
				SWIFT_EMIT_LOC_STRINGS = NO;
				SWIFT_VERSION = 5.0;
				TARGETED_DEVICE_FAMILY = 1;
				TEST_HOST = "$(BUILT_PRODUCTS_DIR)/ThaiTrainer.app/$(BUNDLE_EXECUTABLE_FOLDER_PATH)/ThaiTrainer";
				TEST_TARGET_NAME = ThaiTrainer;
			};
			name = Release;
		};
/* End XCBuildConfiguration section */

/* Begin XCConfigurationList section */
		0D0000000000000000000001 /* Build configuration list for PBXProject "ThaiTrainer" */ = {
			isa = XCConfigurationList;
			buildConfigurations = (
				0C0000000000000000000001 /* Debug */,
				0C0000000000000000000002 /* Release */,
			);
			defaultConfigurationIsVisible = 0;
			defaultConfigurationName = Release;
		};
		0D0000000000000000000002 /* Build configuration list for PBXNativeTarget "ThaiTrainer" */ = {
			isa = XCConfigurationList;
			buildConfigurations = (
				0C0000000000000000000003 /* Debug */,
				0C0000000000000000000004 /* Release */,
			);
			defaultConfigurationIsVisible = 0;
			defaultConfigurationName = Release;
		};
		0D0000000000000000000003 /* Build configuration list for PBXNativeTarget "ThaiTrainerTests" */ = {
			isa = XCConfigurationList;
			buildConfigurations = (
				0C0000000000000000000005 /* Debug */,
				0C0000000000000000000006 /* Release */,
			);
			defaultConfigurationIsVisible = 0;
			defaultConfigurationName = Release;
		};
/* End XCConfigurationList section */
	};
	rootObject = 080000000000000000000001 /* Project object */;
}
